<?xml version="1.0" encoding="utf-8"?>
<Project ToolsVersion="4.0" xmlns="http://schemas.microsoft.com/developer/msbuild/2003">
  <ItemGroup>
    <Filter Include="Source Files">
      <UniqueIdentifier>{4FC737F1-C7A5-4376-A066-2A32D752A2FF}</UniqueIdentifier>
      <Extensions>cpp;c;cc;cxx;def;odl;idl;hpj;bat;asm;asmx</Extensions>
    </Filter>
    <Filter Include="Header Files">
      <UniqueIdentifier>{93995380-89BD-4b04-88EB-625FBE52EBFB}</UniqueIdentifier>
      <Extensions>h;hpp;hxx;hm;inl;inc;xsd</Extensions>
    </Filter>
    <Filter Include="Resource Files">
      <UniqueIdentifier>{67DA6AB6-F800-4c08-8B7A-83BB121AAD01}</UniqueIdentifier>
      <Extensions>rc;ico;cur;bmp;dlg;rc2;rct;bin;rgs;gif;jpg;jpeg;jpe;resx;tiff;tif;png;wav;mfcribbon-ms</Extensions>
    </Filter>
    <Filter Include="Source Files\item">
      <UniqueIdentifier>{8ce9b722-5b80-444f-a7a9-cf24cc61de50}</UniqueIdentifier>
    </Filter>
    <Filter Include="Source Files\unit">
      <UniqueIdentifier>{82327fbc-ac7c-4d28-9111-8f022fa9413f}</UniqueIdentifier>
    </Filter>
    <Filter Include="Source Files\weapon">
      <UniqueIdentifier>{7d5ff39a-b27f-4f88-9cf4-c120881c43ae}</UniqueIdentifier>
    </Filter>
    <Filter Include="Source Files\world">
      <UniqueIdentifier>{f0cf0fe7-b717-4ff9-be71-1b68b684e54c}</UniqueIdentifier>
    </Filter>
    <Filter Include="Header Files\item">
      <UniqueIdentifier>{d883c463-48d8-44d2-a0aa-9c0f476159fa}</UniqueIdentifier>
    </Filter>
    <Filter Include="Header Files\unit">
      <UniqueIdentifier>{065c9cc7-af04-4a75-b0e1-e96f96438166}</UniqueIdentifier>
    </Filter>
    <Filter Include="Header Files\weapon">
      <UniqueIdentifier>{4bf0df7d-1458-40e2-b1a4-dfaf07b973af}</UniqueIdentifier>
    </Filter>
    <Filter Include="Header Files\world">
      <UniqueIdentifier>{7741bf84-6bf7-4a41-8e95-b9ef7569afe0}</UniqueIdentifier>
    </Filter>
    <Filter Include="Header Files\prop">
      <UniqueIdentifier>{5a4f8195-4368-4e00-8ffc-19cdf8fbfa86}</UniqueIdentifier>
    </Filter>
    <Filter Include="Source Files\prop">
      <UniqueIdentifier>{ecd12b84-a186-4a15-9fc2-efdce7a75300}</UniqueIdentifier>
    </Filter>
    <Filter Include="Header Files\physics">
      <UniqueIdentifier>{08ceb34b-5dfb-4652-91df-949526b70e7e}</UniqueIdentifier>
    </Filter>
    <Filter Include="Source Files\physics">
      <UniqueIdentifier>{f93b401f-4f44-46e2-b071-abb633819c6f}</UniqueIdentifier>
    </Filter>
  </ItemGroup>
  <ItemGroup>
    <ClCompile Include="..\include\thegame.cpp">
      <Filter>Source Files</Filter>
    </ClCompile>
    <ClCompile Include="..\include\weapon\Axe.cpp">
      <Filter>Source Files\weapon</Filter>
    </ClCompile>
    <ClCompile Include="..\include\unit\Hero.cpp">
      <Filter>Source Files\unit</Filter>
    </ClCompile>
    <ClCompile Include="..\include\item\Item.cpp">
      <Filter>Source Files\item</Filter>
    </ClCompile>
    <ClCompile Include="..\include\unit\Unit.cpp">
      <Filter>Source Files\unit</Filter>
    </ClCompile>
    <ClCompile Include="..\include\world\World.cpp">
      <Filter>Source Files\world</Filter>
    </ClCompile>
    <ClCompile Include="..\include\prop\Gore.cpp">
      <Filter>Source Files\prop</Filter>
    </ClCompile>
    <ClCompile Include="..\include\physics\Physics.cpp">
      <Filter>Source Files\physics</Filter>
    </ClCompile>
    <ClCompile Include="..\include\physics\Projectile.cpp">
      <Filter>Source Files\physics</Filter>
    </ClCompile>
    <ClCompile Include="..\include\physics\Target.cpp">
      <Filter>Source Files\physics</Filter>
    </ClCompile>
    <ClCompile Include="..\include\unit\Bigfoot.cpp">
      <Filter>Source Files\unit</Filter>
    </ClCompile>
    <ClCompile Include="..\include\unit\GroundUnit.cpp">
      <Filter>Source Files\unit</Filter>
    </ClCompile>
    <ClCompile Include="..\include\unit\Wolf.cpp">
      <Filter>Source Files\unit</Filter>
    </ClCompile>
    <ClCompile Include="..\include\physics\Thread.cpp">
      <Filter>Source Files\physics</Filter>
    </ClCompile>
    <ClCompile Include="..\include\weapon\Mace.cpp">
      <Filter>Source Files</Filter>
    </ClCompile>
    <ClCompile Include="..\include\weapon\MaceBall.cpp">
      <Filter>Source Files</Filter>
    </ClCompile>
  </ItemGroup>
  <ItemGroup>
    <ClInclude Include="..\include\weapon\Axe.h">
      <Filter>Header Files\weapon</Filter>
    </ClInclude>
    <ClInclude Include="..\include\unit\Hero.h">
      <Filter>Header Files\unit</Filter>
    </ClInclude>
    <ClInclude Include="..\include\item\Item.h">
      <Filter>Header Files\item</Filter>
    </ClInclude>
    <ClInclude Include="..\include\unit\Unit.h">
      <Filter>Header Files\unit</Filter>
    </ClInclude>
    <ClInclude Include="..\include\prop\Gore.h">
      <Filter>Header Files\prop</Filter>
    </ClInclude>
    <ClInclude Include="..\include\physics\Projectile.h">
      <Filter>Header Files\physics</Filter>
    </ClInclude>
    <ClInclude Include="..\include\world\World.h">
      <Filter>Header Files\world</Filter>
    </ClInclude>
    <ClInclude Include="..\include\physics\Physics.h">
      <Filter>Header Files\physics</Filter>
    </ClInclude>
    <ClInclude Include="..\include\unit\Bigfoot.h">
      <Filter>Header Files\unit</Filter>
    </ClInclude>
    <ClInclude Include="..\include\physics\Target.h">
      <Filter>Header Files\physics</Filter>
    </ClInclude>
    <ClInclude Include="..\include\unit\GroundUnit.h">
      <Filter>Header Files\unit</Filter>
    </ClInclude>
    <ClInclude Include="..\include\unit\Wolf.h">
      <Filter>Header Files\unit</Filter>
    </ClInclude>
    <ClInclude Include="..\include\physics\Thread.h">
      <Filter>Header Files\physics</Filter>
    </ClInclude>
    <ClInclude Include="..\include\weapon\Mace.h">
      <Filter>Header Files</Filter>
    </ClInclude>
    <ClInclude Include="..\include\weapon\MaceBall.h">
      <Filter>Header Files</Filter>
    </ClInclude>
  </ItemGroup>
</Project>